
Microsoft Visual Studio Solution File, Format Version 12.00
# Visual Studio Version 17
VisualStudioVersion = 17.4.33213.308
MinimumVisualStudioVersion = 10.0.40219.1
Project("{FAE04EC0-301F-11D3-BF4B-00C04F79EFBC}") = "WindowsFormsApp1", "WindowsFormsApp1.csproj", "{32F409FB-7260-450E-A83F-0F891D5F4A90}"
EndProject
Global
	GlobalSection(SolutionConfigurationPlatforms) = preSolution
		Debug|Any CPU = Debug|Any CPU
		Release|Any CPU = Release|Any CPU
	EndGlobalSection
	GlobalSection(ProjectConfigurationPlatforms) = postSolution
		{32F409FB-7260-450E-A83F-0F891D5F4A90}.Debug|Any CPU.ActiveCfg = Debug|Any CPU
		{32F409FB-7260-450E-A83F-0F891D5F4A90}.Debug|Any CPU.Build.0 = Debug|Any CPU
		{32F409FB-7260-450E-A83F-0F891D5F4A90}.Release|Any CPU.ActiveCfg = Release|Any CPU
		{32F409FB-7260-450E-A83F-0F891D5F4A90}.Release|Any CPU.Build.0 = Release|Any CPU
	EndGlobalSection
	GlobalSection(SolutionProperties) = preSolution
		HideSolutionNode = FALSE
	EndGlobalSection
	GlobalSection(ExtensibilityGlobals) = postSolution
		SolutionGuid = {EF5A93E6-E36A-4E93-B899-84B8F733A768}
	EndGlobalSection
EndGlobal
